// !$*UTF8*$!
{
	archiveVersion = 1;
	classes = {
	};
	objectVersion = 56;
	objects = {

/* Begin PBXBuildFile section */
		F3ED52A92BA4061100D9A695 /* AppDelegate.swift in Sources */ = {isa = PBXBuildFile; fileRef = F3ED52A82BA4061100D9A695 /* AppDelegate.swift */; };
		F3ED52AB2BA4061100D9A695 /* SceneDelegate.swift in Sources */ = {isa = PBXBuildFile; fileRef = F3ED52AA2BA4061100D9A695 /* SceneDelegate.swift */; };
		F3ED52AD2BA4061100D9A695 /* ViewController.swift in Sources */ = {isa = PBXBuildFile; fileRef = F3ED52AC2BA4061100D9A695 /* ViewController.swift */; };
		F3ED52B02BA4061100D9A695 /* Base in Resources */ = {isa = PBXBuildFile; fileRef = F3ED52AF2BA4061100D9A695 /* Base */; };
		F3ED52B22BA4061300D9A695 /* Assets.xcassets in Resources */ = {isa = PBXBuildFile; fileRef = F3ED52B12BA4061300D9A695 /* Assets.xcassets */; };
		F3ED52B52BA4061300D9A695 /* Base in Resources */ = {isa = PBXBuildFile; fileRef = F3ED52B42BA4061300D9A695 /* Base */; };
		F3ED52BE2BA406C700D9A695 /* Alamofire in Frameworks */ = {isa = PBXBuildFile; productRef = F3ED52BD2BA406C700D9A695 /* Alamofire */; };
		F3ED52C02BA406C700D9A695 /* AlamofireDynamic in Frameworks */ = {isa = PBXBuildFile; productRef = F3ED52BF2BA406C700D9A695 /* AlamofireDynamic */; };
		F3ED52C32BA4070700D9A695 /* SwiftyJSON in Frameworks */ = {isa = PBXBuildFile; productRef = F3ED52C22BA4070700D9A695 /* SwiftyJSON */; };
		F3ED52C52BA4072300D9A695 /* Model.swift in Sources */ = {isa = PBXBuildFile; fileRef = F3ED52C42BA4072300D9A695 /* Model.swift */; };
		F3ED52C82BA466C800D9A695 /* SDWebImage in Frameworks */ = {isa = PBXBuildFile; productRef = F3ED52C72BA466C800D9A695 /* SDWebImage */; };
		F3ED52CA2BA466C800D9A695 /* SDWebImageMapKit in Frameworks */ = {isa = PBXBuildFile; productRef = F3ED52C92BA466C800D9A695 /* SDWebImageMapKit */; };
/* End PBXBuildFile section */

/* Begin PBXFileReference section */
		F3ED52A52BA4061100D9A695 /* theProfile.app */ = {isa = PBXFileReference; explicitFileType = wrapper.application; includeInIndex = 0; path = theProfile.app; sourceTree = BUILT_PRODUCTS_DIR; };
		F3ED52A82BA4061100D9A695 /* AppDelegate.swift */ = {isa = PBXFileReference; lastKnownFileType = sourcecode.swift; path = AppDelegate.swift; sourceTree = "<group>"; };
		F3ED52AA2BA4061100D9A695 /* SceneDelegate.swift */ = {isa = PBXFileReference; lastKnownFileType = sourcecode.swift; path = SceneDelegate.swift; sourceTree = "<group>"; };
		F3ED52AC2BA4061100D9A695 /* ViewController.swift */ = {isa = PBXFileReference; lastKnownFileType = sourcecode.swift; path = ViewController.swift; sourceTree = "<group>"; };
		F3ED52AF2BA4061100D9A695 /* Base */ = {isa = PBXFileReference; lastKnownFileType = file.storyboard; name = Base; path = Base.lproj/Main.storyboard; sourceTree = "<group>"; };
		F3ED52B12BA4061300D9A695 /* Assets.xcassets */ = {isa = PBXFileReference; lastKnownFileType = folder.assetcatalog; path = Assets.xcassets; sourceTree = "<group>"; };
		F3ED52B42BA4061300D9A695 /* Base */ = {isa = PBXFileReference; lastKnownFileType = file.storyboard; name = Base; path = Base.lproj/LaunchScreen.storyboard; sourceTree = "<group>"; };
		F3ED52B62BA4061300D9A695 /* Info.plist */ = {isa = PBXFileReference; lastKnownFileType = text.plist.xml; path = Info.plist; sourceTree = "<group>"; };
		F3ED52C42BA4072300D9A695 /* Model.swift */ = {isa = PBXFileReference; lastKnownFileType = sourcecode.swift; path = Model.swift; sourceTree = "<group>"; };
/* End PBXFileReference section */

/* Begin PBXFrameworksBuildPhase section */
		F3ED52A22BA4061100D9A695 /* Frameworks */ = {
			isa = PBXFrameworksBuildPhase;
			buildActionMask = 2147483647;
			files = (
				F3ED52C32BA4070700D9A695 /* SwiftyJSON in Frameworks */,
				F3ED52CA2BA466C800D9A695 /* SDWebImageMapKit in Frameworks */,
				F3ED52BE2BA406C700D9A695 /* Alamofire in Frameworks */,
				F3ED52C82BA466C800D9A695 /* SDWebImage in Frameworks */,
				F3ED52C02BA406C700D9A695 /* AlamofireDynamic in Frameworks */,
			);
			runOnlyForDeploymentPostprocessing = 0;
		};
/* End PBXFrameworksBuildPhase section */

/* Begin PBXGroup section */
		F3ED529C2BA4061100D9A695 = {
			isa = PBXGroup;
			children = (
				F3ED52A72BA4061100D9A695 /* theProfile */,
				F3ED52A62BA4061100D9A695 /* Products */,
			);
			sourceTree = "<group>";
		};
		F3ED52A62BA4061100D9A695 /* Products */ = {
			isa = PBXGroup;
			children = (
				F3ED52A52BA4061100D9A695 /* theProfile.app */,
			);
			name = Products;
			sourceTree = "<group>";
		};
		F3ED52A72BA4061100D9A695 /* theProfile */ = {
			isa = PBXGroup;
			children = (
				F3ED52C42BA4072300D9A695 /* Model.swift */,
				F3ED52A82BA4061100D9A695 /* AppDelegate.swift */,
				F3ED52AA2BA4061100D9A695 /* SceneDelegate.swift */,
				F3ED52AC2BA4061100D9A695 /* ViewController.swift */,
				F3ED52AE2BA4061100D9A695 /* Main.storyboard */,
				F3ED52B12BA4061300D9A695 /* Assets.xcassets */,
				F3ED52B32BA4061300D9A695 /* LaunchScreen.storyboard */,
				F3ED52B62BA4061300D9A695 /* Info.plist */,
			);
			path = theProfile;
			sourceTree = "<group>";
		};
/* End PBXGroup section */

/* Begin PBXNativeTarget section */
		F3ED52A42BA4061100D9A695 /* theProfile */ = {
			isa = PBXNativeTarget;
			buildConfigurationList = F3ED52B92BA4061300D9A695 /* Build configuration list for PBXNativeTarget "theProfile" */;
			buildPhases = (
				F3ED52A12BA4061100D9A695 /* Sources */,
				F3ED52A22BA4061100D9A695 /* Frameworks */,
				F3ED52A32BA4061100D9A695 /* Resources */,
			);
			buildRules = (
			);
			dependencies = (
			);
			name = theProfile;
			packageProductDependencies = (
				F3ED52BD2BA406C700D9A695 /* Alamofire */,
				F3ED52BF2BA406C700D9A695 /* AlamofireDynamic */,
				F3ED52C22BA4070700D9A695 /* SwiftyJSON */,
				F3ED52C72BA466C800D9A695 /* SDWebImage */,
				F3ED52C92BA466C800D9A695 /* SDWebImageMapKit */,
			);
			productName = theProfile;
			productReference = F3ED52A52BA4061100D9A695 /* theProfile.app */;
			productType = "com.apple.product-type.application";
		};
/* End PBXNativeTarget section */

/* Begin PBXProject section */
		F3ED529D2BA4061100D9A695 /* Project object */ = {
			isa = PBXProject;
			attributes = {
				BuildIndependentTargetsInParallel = 1;
				LastSwiftUpdateCheck = 1530;
				LastUpgradeCheck = 1530;
				TargetAttributes = {
					F3ED52A42BA4061100D9A695 = {
						CreatedOnToolsVersion = 15.3;
					};
				};
			};
			buildConfigurationList = F3ED52A02BA4061100D9A695 /* Build configuration list for PBXProject "theProfile" */;
			compatibilityVersion = "Xcode 14.0";
			developmentRegion = en;
			hasScannedForEncodings = 0;
			knownRegions = (
				en,
				Base,
			);
			mainGroup = F3ED529C2BA4061100D9A695;
			packageReferences = (
				F3ED52BC2BA406C700D9A695 /* XCRemoteSwiftPackageReference "Alamofire" */,
				F3ED52C12BA4070700D9A695 /* XCRemoteSwiftPackageReference "SwiftyJSON" */,
				F3ED52C62BA466C800D9A695 /* XCRemoteSwiftPackageReference "SDWebImage" */,
			);
			productRefGroup = F3ED52A62BA4061100D9A695 /* Products */;
			projectDirPath = "";
			projectRoot = "";
			targets = (
				F3ED52A42BA4061100D9A695 /* theProfile */,
			);
		};
/* End PBXProject section */

/* Begin PBXResourcesBuildPhase section */
		F3ED52A32BA4061100D9A695 /* Resources */ = {
			isa = PBXResourcesBuildPhase;
			buildActionMask = 2147483647;
			files = (
				F3ED52B22BA4061300D9A695 /* Assets.xcassets in Resources */,
				F3ED52B52BA4061300D9A695 /* Base in Resources */,
				F3ED52B02BA4061100D9A695 /* Base in Resources */,
			);
			runOnlyForDeploymentPostprocessing = 0;
		};
/* End PBXResourcesBuildPhase section */

/* Begin PBXSourcesBuildPhase section */
		F3ED52A12BA4061100D9A695 /* Sources */ = {
			isa = PBXSourcesBuildPhase;
			buildActionMask = 2147483647;
			files = (
				F3ED52AD2BA4061100D9A695 /* ViewController.swift in Sources */,
				F3ED52A92BA4061100D9A695 /* AppDelegate.swift in Sources */,
				F3ED52AB2BA4061100D9A695 /* SceneDelegate.swift in Sources */,
				F3ED52C52BA4072300D9A695 /* Model.swift in Sources */,
			);
			runOnlyForDeploymentPostprocessing = 0;
		};
/* End PBXSourcesBuildPhase section */

/* Begin PBXVariantGroup section */
		F3ED52AE2BA4061100D9A695 /* Main.storyboard */ = {
			isa = PBXVariantGroup;
			children = (
				F3ED52AF2BA4061100D9A695 /* Base */,
			);
			name = Main.storyboard;
			sourceTree = "<group>";
		};
		F3ED52B32BA4061300D9A695 /* LaunchScreen.storyboard */ = {
			isa = PBXVariantGroup;
			children = (
				F3ED52B42BA4061300D9A695 /* Base */,
			);
			name = LaunchScreen.storyboard;
			sourceTree = "<group>";
		};
/* End PBXVariantGroup section */

/* Begin XCBuildConfiguration section */
		F3ED52B72BA4061300D9A695 /* Debug */ = {
			isa = XCBuildConfiguration;
			buildSettings = {
				ALWAYS_SEARCH_USER_PATHS = NO;
				ASSETCATALOG_COMPILER_GENERATE_SWIFT_ASSET_SYMBOL_EXTENSIONS = YES;
				CLANG_ANALYZER_NONNULL = YES;
				CLANG_ANALYZER_NUMBER_OBJECT_CONVERSION = YES_AGGRESSIVE;
				CLANG_CXX_LANGUAGE_STANDARD = "gnu++20";
				CLANG_ENABLE_MODULES = YES;
				CLANG_ENABLE_OBJC_ARC = YES;
				CLANG_ENABLE_OBJC_WEAK = YES;
				CLANG_WARN_BLOCK_CAPTURE_AUTORELEASING = YES;
				CLANG_WARN_BOOL_CONVERSION = YES;
				CLANG_WARN_COMMA = YES;
				CLANG_WARN_CONSTANT_CONVERSION = YES;
				CLANG_WARN_DEPRECATED_OBJC_IMPLEMENTATIONS = YES;
				CLANG_WARN_DIRECT_OBJC_ISA_USAGE = YES_ERROR;
				CLANG_WARN_DOCUMENTATION_COMMENTS = YES;
				CLANG_WARN_EMPTY_BODY = YES;
				CLANG_WARN_ENUM_CONVERSION = YES;
				CLANG_WARN_INFINITE_RECURSION = YES;
				CLANG_WARN_INT_CONVERSION = YES;
				CLANG_WARN_NON_LITERAL_NULL_CONVERSION = YES;
				CLANG_WARN_OBJC_IMPLICIT_RETAIN_SELF = YES;
				CLANG_WARN_OBJC_LITERAL_CONVERSION = YES;
				CLANG_WARN_OBJC_ROOT_CLASS = YES_ERROR;
				CLANG_WARN_QUOTED_INCLUDE_IN_FRAMEWORK_HEADER = YES;
				CLANG_WARN_RANGE_LOOP_ANALYSIS = YES;
				CLANG_WARN_STRICT_PROTOTYPES = YES;
				CLANG_WARN_SUSPICIOUS_MOVE = YES;
				CLANG_WARN_UNGUARDED_AVAILABILITY = YES_AGGRESSIVE;
				CLANG_WARN_UNREACHABLE_CODE = YES;
				CLANG_WARN__DUPLICATE_METHOD_MATCH = YES;
				COPY_PHASE_STRIP = NO;
				DEBUG_INFORMATION_FORMAT = dwarf;
				ENABLE_STRICT_OBJC_MSGSEND = YES;
				ENABLE_TESTABILITY = YES;
				ENABLE_USER_SCRIPT_SANDBOXING = YES;
				GCC_C_LANGUAGE_STANDARD = gnu17;
				GCC_DYNAMIC_NO_PIC = NO;
				GCC_NO_COMMON_BLOCKS = YES;
				GCC_OPTIMIZATION_LEVEL = 0;
				GCC_PREPROCESSOR_DEFINITIONS = (
					"DEBUG=1",
					"$(inherited)",
				);
				GCC_WARN_64_TO_32_BIT_CONVERSION = YES;
				GCC_WARN_ABOUT_RETURN_TYPE = YES_ERROR;
				GCC_WARN_UNDECLARED_SELECTOR = YES;
				GCC_WARN_UNINITIALIZED_AUTOS = YES_AGGRESSIVE;
				GCC_WARN_UNUSED_FUNCTION = YES;
				GCC_WARN_UNUSED_VARIABLE = YES;
				IPHONEOS_DEPLOYMENT_TARGET = 17.4;
				LOCALIZATION_PREFERS_STRING_CATALOGS = YES;
				MTL_ENABLE_DEBUG_INFO = INCLUDE_SOURCE;
				MTL_FAST_MATH = YES;
				ONLY_ACTIVE_ARCH = YES;
				SDKROOT = iphoneos;
				SWIFT_ACTIVE_COMPILATION_CONDITIONS = "DEBUG $(inherited)";
				SWIFT_OPTIMIZATION_LEVEL = "-Onone";
			};
			name = Debug;
		};
		F3ED52B82BA4061300D9A695 /* Release */ = {
			isa = XCBuildConfiguration;
			buildSettings = {
				ALWAYS_SEARCH_USER_PATHS = NO;
				ASSETCATALOG_COMPILER_GENERATE_SWIFT_ASSET_SYMBOL_EXTENSIONS = YES;
				CLANG_ANALYZER_NONNULL = YES;
				CLANG_ANALYZER_NUMBER_OBJECT_CONVERSION = YES_AGGRESSIVE;
				CLANG_CXX_LANGUAGE_STANDARD = "gnu++20";
				CLANG_ENABLE_MODULES = YES;
				CLANG_ENABLE_OBJC_ARC = YES;
				CLANG_ENABLE_OBJC_WEAK = YES;
				CLANG_WARN_BLOCK_CAPTURE_AUTORELEASING = YES;
				CLANG_WARN_BOOL_CONVERSION = YES;
				CLANG_WARN_COMMA = YES;
				CLANG_WARN_CONSTANT_CONVERSION = YES;
				CLANG_WARN_DEPRECATED_OBJC_IMPLEMENTATIONS = YES;
				CLANG_WARN_DIRECT_OBJC_ISA_USAGE = YES_ERROR;
				CLANG_WARN_DOCUMENTATION_COMMENTS = YES;
				CLANG_WARN_EMPTY_BODY = YES;
				CLANG_WARN_ENUM_CONVERSION = YES;
				CLANG_WARN_INFINITE_RECURSION = YES;
				CLANG_WARN_INT_CONVERSION = YES;
				CLANG_WARN_NON_LITERAL_NULL_CONVERSION = YES;
				CLANG_WARN_OBJC_IMPLICIT_RETAIN_SELF = YES;
				CLANG_WARN_OBJC_LITERAL_CONVERSION = YES;
				CLANG_WARN_OBJC_ROOT_CLASS = YES_ERROR;
				CLANG_WARN_QUOTED_INCLUDE_IN_FRAMEWORK_HEADER = YES;
				CLANG_WARN_RANGE_LOOP_ANALYSIS = YES;
				CLANG_WARN_STRICT_PROTOTYPES = YES;
				CLANG_WARN_SUSPICIOUS_MOVE = YES;
				CLANG_WARN_UNGUARDED_AVAILABILITY = YES_AGGRESSIVE;
				CLANG_WARN_UNREACHABLE_CODE = YES;
				CLANG_WARN__DUPLICATE_METHOD_MATCH = YES;
				COPY_PHASE_STRIP = NO;
				DEBUG_INFORMATION_FORMAT = "dwarf-with-dsym";
				ENABLE_NS_ASSERTIONS = NO;
				ENABLE_STRICT_OBJC_MSGSEND = YES;
				ENABLE_USER_SCRIPT_SANDBOXING = YES;
				GCC_C_LANGUAGE_STANDARD = gnu17;
				GCC_NO_COMMON_BLOCKS = YES;
				GCC_WARN_64_TO_32_BIT_CONVERSION = YES;
				GCC_WARN_ABOUT_RETURN_TYPE = YES_ERROR;
				GCC_WARN_UNDECLARED_SELECTOR = YES;
				GCC_WARN_UNINITIALIZED_AUTOS = YES_AGGRESSIVE;
				GCC_WARN_UNUSED_FUNCTION = YES;
				GCC_WARN_UNUSED_VARIABLE = YES;
				IPHONEOS_DEPLOYMENT_TARGET = 17.4;
				LOCALIZATION_PREFERS_STRING_CATALOGS = YES;
				MTL_ENABLE_DEBUG_INFO = NO;
				MTL_FAST_MATH = YES;
				SDKROOT = iphoneos;
				SWIFT_COMPILATION_MODE = wholemodule;
				VALIDATE_PRODUCT = YES;
			};
			name = Release;
		};
		F3ED52BA2BA4061300D9A695 /* Debug */ = {
			isa = XCBuildConfiguration;
			buildSettings = {
				ASSETCATALOG_COMPILER_APPICON_NAME = AppIcon;
				ASSETCATALOG_COMPILER_GLOBAL_ACCENT_COLOR_NAME = AccentColor;
				CODE_SIGN_STYLE = Automatic;
				CURRENT_PROJECT_VERSION = 1;
				DEVELOPMENT_TEAM = GJN5Q22NMW;
				GENERATE_INFOPLIST_FILE = YES;
				INFOPLIST_FILE = theProfile/Info.plist;
				INFOPLIST_KEY_UIApplicationSupportsIndirectInputEvents = YES;
				INFOPLIST_KEY_UILaunchStoryboardName = LaunchScreen;
				INFOPLIST_KEY_UIMainStoryboardFile = Main;
				INFOPLIST_KEY_UISupportedInterfaceOrientations_iPad = "UIInterfaceOrientationPortrait UIInterfaceOrientationPortraitUpsideDown UIInterfaceOrientationLandscapeLeft UIInterfaceOrientationLandscapeRight";
				INFOPLIST_KEY_UISupportedInterfaceOrientations_iPhone = "UIInterfaceOrientationPortrait UIInterfaceOrientationLandscapeLeft UIInterfaceOrientationLandscapeRight";
				LD_RUNPATH_SEARCH_PATHS = (
					"$(inherited)",
					"@executable_path/Frameworks",
				);
				MARKETING_VERSION = 1.0;
				PRODUCT_BUNDLE_IDENTIFIER = practice.theProfile;
				PRODUCT_NAME = "$(TARGET_NAME)";
				SWIFT_EMIT_LOC_STRINGS = YES;
				SWIFT_VERSION = 5.0;
				TARGETED_DEVICE_FAMILY = "1,2";
			};
			name = Debug;
		};
		F3ED52BB2BA4061300D9A695 /* Release */ = {
			isa = XCBuildConfiguration;
			buildSettings = {
				ASSETCATALOG_COMPILER_APPICON_NAME = AppIcon;
				ASSETCATALOG_COMPILER_GLOBAL_ACCENT_COLOR_NAME = AccentColor;
				CODE_SIGN_STYLE = Automatic;
				CURRENT_PROJECT_VERSION = 1;
				DEVELOPMENT_TEAM = GJN5Q22NMW;
				GENERATE_INFOPLIST_FILE = YES;
				INFOPLIST_FILE = theProfile/Info.plist;
				INFOPLIST_KEY_UIApplicationSupportsIndirectInputEvents = YES;
				INFOPLIST_KEY_UILaunchStoryboardName = LaunchScreen;
				INFOPLIST_KEY_UIMainStoryboardFile = Main;
				INFOPLIST_KEY_UISupportedInterfaceOrientations_iPad = "UIInterfaceOrientationPortrait UIInterfaceOrientationPortraitUpsideDown UIInterfaceOrientationLandscapeLeft UIInterfaceOrientationLandscapeRight";
				INFOPLIST_KEY_UISupportedInterfaceOrientations_iPhone = "UIInterfaceOrientationPortrait UIInterfaceOrientationLandscapeLeft UIInterfaceOrientationLandscapeRight";
				LD_RUNPATH_SEARCH_PATHS = (
					"$(inherited)",
					"@executable_path/Frameworks",
				);
				MARKETING_VERSION = 1.0;
				PRODUCT_BUNDLE_IDENTIFIER = practice.theProfile;
				PRODUCT_NAME = "$(TARGET_NAME)";
				SWIFT_EMIT_LOC_STRINGS = YES;
				SWIFT_VERSION = 5.0;
				TARGETED_DEVICE_FAMILY = "1,2";
			};
			name = Release;
		};
/* End XCBuildConfiguration section */

/* Begin XCConfigurationList section */
		F3ED52A02BA4061100D9A695 /* Build configuration list for PBXProject "theProfile" */ = {
			isa = XCConfigurationList;
			buildConfigurations = (
				F3ED52B72BA4061300D9A695 /* Debug */,
				F3ED52B82BA4061300D9A695 /* Release */,
			);
			defaultConfigurationIsVisible = 0;
			defaultConfigurationName = Release;
		};
		F3ED52B92BA4061300D9A695 /* Build configuration list for PBXNativeTarget "theProfile" */ = {
			isa = XCConfigurationList;
			buildConfigurations = (
				F3ED52BA2BA4061300D9A695 /* Debug */,
				F3ED52BB2BA4061300D9A695 /* Release */,
			);
			defaultConfigurationIsVisible = 0;
			defaultConfigurationName = Release;
		};
/* End XCConfigurationList section */

/* Begin XCRemoteSwiftPackageReference section */
		F3ED52BC2BA406C700D9A695 /* XCRemoteSwiftPackageReference "Alamofire" */ = {
			isa = XCRemoteSwiftPackageReference;
			repositoryURL = "https://github.com/Alamofire/Alamofire";
			requirement = {
				kind = upToNextMajorVersion;
				minimumVersion = 5.9.0;
			};
		};
		F3ED52C12BA4070700D9A695 /* XCRemoteSwiftPackageReference "SwiftyJSON" */ = {
			isa = XCRemoteSwiftPackageReference;
			repositoryURL = "https://github.com/SwiftyJSON/SwiftyJSON";
			requirement = {
				kind = upToNextMajorVersion;
				minimumVersion = 5.0.1;
			};
		};
		F3ED52C62BA466C800D9A695 /* XCRemoteSwiftPackageReference "SDWebImage" */ = {
			isa = XCRemoteSwiftPackageReference;
			repositoryURL = "https://github.com/SDWebImage/SDWebImage";
			requirement = {
				kind = upToNextMajorVersion;
				minimumVersion = 5.19.0;
			};
		};
/* End XCRemoteSwiftPackageReference section */

/* Begin XCSwiftPackageProductDependency section */
		F3ED52BD2BA406C700D9A695 /* Alamofire */ = {
			isa = XCSwiftPackageProductDependency;
			package = F3ED52BC2BA406C700D9A695 /* XCRemoteSwiftPackageReference "Alamofire" */;
			productName = Alamofire;
		};
		F3ED52BF2BA406C700D9A695 /* AlamofireDynamic */ = {
			isa = XCSwiftPackageProductDependency;
			package = F3ED52BC2BA406C700D9A695 /* XCRemoteSwiftPackageReference "Alamofire" */;
			productName = AlamofireDynamic;
		};
		F3ED52C22BA4070700D9A695 /* SwiftyJSON */ = {
			isa = XCSwiftPackageProductDependency;
			package = F3ED52C12BA4070700D9A695 /* XCRemoteSwiftPackageReference "SwiftyJSON" */;
			productName = SwiftyJSON;
		};
		F3ED52C72BA466C800D9A695 /* SDWebImage */ = {
			isa = XCSwiftPackageProductDependency;
			package = F3ED52C62BA466C800D9A695 /* XCRemoteSwiftPackageReference "SDWebImage" */;
			productName = SDWebImage;
		};
		F3ED52C92BA466C800D9A695 /* SDWebImageMapKit */ = {
			isa = XCSwiftPackageProductDependency;
			package = F3ED52C62BA466C800D9A695 /* XCRemoteSwiftPackageReference "SDWebImage" */;
			productName = SDWebImageMapKit;
		};
/* End XCSwiftPackageProductDependency section */
	};
	rootObject = F3ED529D2BA4061100D9A695 /* Project object */;
}
